// !$*UTF8*$!
{
	archiveVersion = 1;
	classes = {
	};
	objectVersion = 46;
	objects = {

/* Begin PBXBuildFile section */
		C68E8A911F6DA96500CB495B /* AppDelegate.swift in Sources */ = {isa = PBXBuildFile; fileRef = C68E8A901F6DA96500CB495B /* AppDelegate.swift */; };
		C68E8A931F6DA96500CB495B /* ViewController.swift in Sources */ = {isa = PBXBuildFile; fileRef = C68E8A921F6DA96500CB495B /* ViewController.swift */; };
		C68E8A961F6DA96500CB495B /* Main.storyboard in Resources */ = {isa = PBXBuildFile; fileRef = C68E8A941F6DA96500CB495B /* Main.storyboard */; };
		C68E8A981F6DA96500CB495B /* Assets.xcassets in Resources */ = {isa = PBXBuildFile; fileRef = C68E8A971F6DA96500CB495B /* Assets.xcassets */; };
		C68E8A9B1F6DA96500CB495B /* LaunchScreen.storyboard in Resources */ = {isa = PBXBuildFile; fileRef = C68E8A991F6DA96500CB495B /* LaunchScreen.storyboard */; };
		C68E8AA61F6DA96500CB495B /* ExpenserTests.swift in Sources */ = {isa = PBXBuildFile; fileRef = C68E8AA51F6DA96500CB495B /* ExpenserTests.swift */; };
		C68E8AB11F6DA96500CB495B /* ExpenserUITests.swift in Sources */ = {isa = PBXBuildFile; fileRef = C68E8AB01F6DA96500CB495B /* ExpenserUITests.swift */; };
/* End PBXBuildFile section */

/* Begin PBXContainerItemProxy section */
		C68E8AA21F6DA96500CB495B /* PBXContainerItemProxy */ = {
			isa = PBXContainerItemProxy;
			containerPortal = C68E8A851F6DA96500CB495B /* Project object */;
			proxyType = 1;
			remoteGlobalIDString = C68E8A8C1F6DA96500CB495B;
			remoteInfo = Expenser;
		};
		C68E8AAD1F6DA96500CB495B /* PBXContainerItemProxy */ = {
			isa = PBXContainerItemProxy;
			containerPortal = C68E8A851F6DA96500CB495B /* Project object */;
			proxyType = 1;
			remoteGlobalIDString = C68E8A8C1F6DA96500CB495B;
			remoteInfo = Expenser;
		};
/* End PBXContainerItemProxy section */

/* Begin PBXFileReference section */
		C68E8A8D1F6DA96500CB495B /* Expenser.app */ = {isa = PBXFileReference; explicitFileType = wrapper.application; includeInIndex = 0; path = Expenser.app; sourceTree = BUILT_PRODUCTS_DIR; };
		C68E8A901F6DA96500CB495B /* AppDelegate.swift */ = {isa = PBXFileReference; lastKnownFileType = sourcecode.swift; path = AppDelegate.swift; sourceTree = "<group>"; };
		C68E8A921F6DA96500CB495B /* ViewController.swift */ = {isa = PBXFileReference; lastKnownFileType = sourcecode.swift; path = ViewController.swift; sourceTree = "<group>"; };
		C68E8A951F6DA96500CB495B /* Base */ = {isa = PBXFileReference; lastKnownFileType = file.storyboard; name = Base; path = Base.lproj/Main.storyboard; sourceTree = "<group>"; };
		C68E8A971F6DA96500CB495B /* Assets.xcassets */ = {isa = PBXFileReference; lastKnownFileType = folder.assetcatalog; path = Assets.xcassets; sourceTree = "<group>"; };
		C68E8A9A1F6DA96500CB495B /* Base */ = {isa = PBXFileReference; lastKnownFileType = file.storyboard; name = Base; path = Base.lproj/LaunchScreen.storyboard; sourceTree = "<group>"; };
		C68E8A9C1F6DA96500CB495B /* Info.plist */ = {isa = PBXFileReference; lastKnownFileType = text.plist.xml; path = Info.plist; sourceTree = "<group>"; };
		C68E8AA11F6DA96500CB495B /* ExpenserTests.xctest */ = {isa = PBXFileReference; explicitFileType = wrapper.cfbundle; includeInIndex = 0; path = ExpenserTests.xctest; sourceTree = BUILT_PRODUCTS_DIR; };
		C68E8AA51F6DA96500CB495B /* ExpenserTests.swift */ = {isa = PBXFileReference; lastKnownFileType = sourcecode.swift; path = ExpenserTests.swift; sourceTree = "<group>"; };
		C68E8AA71F6DA96500CB495B /* Info.plist */ = {isa = PBXFileReference; lastKnownFileType = text.plist.xml; path = Info.plist; sourceTree = "<group>"; };
		C68E8AAC1F6DA96500CB495B /* ExpenserUITests.xctest */ = {isa = PBXFileReference; explicitFileType = wrapper.cfbundle; includeInIndex = 0; path = ExpenserUITests.xctest; sourceTree = BUILT_PRODUCTS_DIR; };
		C68E8AB01F6DA96500CB495B /* ExpenserUITests.swift */ = {isa = PBXFileReference; lastKnownFileType = sourcecode.swift; path = ExpenserUITests.swift; sourceTree = "<group>"; };
		C68E8AB21F6DA96500CB495B /* Info.plist */ = {isa = PBXFileReference; lastKnownFileType = text.plist.xml; path = Info.plist; sourceTree = "<group>"; };
/* End PBXFileReference section */

/* Begin PBXFrameworksBuildPhase section */
		C68E8A8A1F6DA96500CB495B /* Frameworks */ = {
			isa = PBXFrameworksBuildPhase;
			buildActionMask = 2147483647;
			files = (
			);
			runOnlyForDeploymentPostprocessing = 0;
		};
		C68E8A9E1F6DA96500CB495B /* Frameworks */ = {
			isa = PBXFrameworksBuildPhase;
			buildActionMask = 2147483647;
			files = (
			);
			runOnlyForDeploymentPostprocessing = 0;
		};
		C68E8AA91F6DA96500CB495B /* Frameworks */ = {
			isa = PBXFrameworksBuildPhase;
			buildActionMask = 2147483647;
			files = (
			);
			runOnlyForDeploymentPostprocessing = 0;
		};
/* End PBXFrameworksBuildPhase section */

/* Begin PBXGroup section */
		C68E8A841F6DA96500CB495B = {
			isa = PBXGroup;
			children = (
				C68E8A8F1F6DA96500CB495B /* Expenser */,
				C68E8AA41F6DA96500CB495B /* ExpenserTests */,
				C68E8AAF1F6DA96500CB495B /* ExpenserUITests */,
				C68E8A8E1F6DA96500CB495B /* Products */,
			);
			sourceTree = "<group>";
		};
		C68E8A8E1F6DA96500CB495B /* Products */ = {
			isa = PBXGroup;
			children = (
				C68E8A8D1F6DA96500CB495B /* Expenser.app */,
				C68E8AA11F6DA96500CB495B /* ExpenserTests.xctest */,
				C68E8AAC1F6DA96500CB495B /* ExpenserUITests.xctest */,
			);
			name = Products;
			sourceTree = "<group>";
		};
		C68E8A8F1F6DA96500CB495B /* Expenser */ = {
			isa = PBXGroup;
			children = (
				C68E8A901F6DA96500CB495B /* AppDelegate.swift */,
				C68E8A921F6DA96500CB495B /* ViewController.swift */,
				C68E8A941F6DA96500CB495B /* Main.storyboard */,
				C68E8A971F6DA96500CB495B /* Assets.xcassets */,
				C68E8A991F6DA96500CB495B /* LaunchScreen.storyboard */,
				C68E8A9C1F6DA96500CB495B /* Info.plist */,
			);
			path = Expenser;
			sourceTree = "<group>";
		};
		C68E8AA41F6DA96500CB495B /* ExpenserTests */ = {
			isa = PBXGroup;
			children = (
				C68E8AA51F6DA96500CB495B /* ExpenserTests.swift */,
				C68E8AA71F6DA96500CB495B /* Info.plist */,
			);
			path = ExpenserTests;
			sourceTree = "<group>";
		};
		C68E8AAF1F6DA96500CB495B /* ExpenserUITests */ = {
			isa = PBXGroup;
			children = (
				C68E8AB01F6DA96500CB495B /* ExpenserUITests.swift */,
				C68E8AB21F6DA96500CB495B /* Info.plist */,
			);
			path = ExpenserUITests;
			sourceTree = "<group>";
		};
/* End PBXGroup section */

/* Begin PBXNativeTarget section */
		C68E8A8C1F6DA96500CB495B /* Expenser */ = {
			isa = PBXNativeTarget;
			buildConfigurationList = C68E8AB51F6DA96500CB495B /* Build configuration list for PBXNativeTarget "Expenser" */;
			buildPhases = (
				C68E8A891F6DA96500CB495B /* Sources */,
				C68E8A8A1F6DA96500CB495B /* Frameworks */,
				C68E8A8B1F6DA96500CB495B /* Resources */,
			);
			buildRules = (
			);
			dependencies = (
			);
			name = Expenser;
			productName = Expenser;
			productReference = C68E8A8D1F6DA96500CB495B /* Expenser.app */;
			productType = "com.apple.product-type.application";
		};
		C68E8AA01F6DA96500CB495B /* ExpenserTests */ = {
			isa = PBXNativeTarget;
			buildConfigurationList = C68E8AB81F6DA96500CB495B /* Build configuration list for PBXNativeTarget "ExpenserTests" */;
			buildPhases = (
				C68E8A9D1F6DA96500CB495B /* Sources */,
				C68E8A9E1F6DA96500CB495B /* Frameworks */,
				C68E8A9F1F6DA96500CB495B /* Resources */,
			);
			buildRules = (
			);
			dependencies = (
				C68E8AA31F6DA96500CB495B /* PBXTargetDependency */,
			);
			name = ExpenserTests;
			productName = ExpenserTests;
			productReference = C68E8AA11F6DA96500CB495B /* ExpenserTests.xctest */;
			productType = "com.apple.product-type.bundle.unit-test";
		};
		C68E8AAB1F6DA96500CB495B /* ExpenserUITests */ = {
			isa = PBXNativeTarget;
			buildConfigurationList = C68E8ABB1F6DA96500CB495B /* Build configuration list for PBXNativeTarget "ExpenserUITests" */;
			buildPhases = (
				C68E8AA81F6DA96500CB495B /* Sources */,
				C68E8AA91F6DA96500CB495B /* Frameworks */,
				C68E8AAA1F6DA96500CB495B /* Resources */,
			);
			buildRules = (
			);
			dependencies = (
				C68E8AAE1F6DA96500CB495B /* PBXTargetDependency */,
			);
			name = ExpenserUITests;
			productName = ExpenserUITests;
			productReference = C68E8AAC1F6DA96500CB495B /* ExpenserUITests.xctest */;
			productType = "com.apple.product-type.bundle.ui-testing";
		};
/* End PBXNativeTarget section */

/* Begin PBXProject section */
		C68E8A851F6DA96500CB495B /* Project object */ = {
			isa = PBXProject;
			attributes = {
				LastSwiftUpdateCheck = 0830;
				LastUpgradeCheck = 0830;
				ORGANIZATIONNAME = "Rahul Rishav Mohanti";
				TargetAttributes = {
					C68E8A8C1F6DA96500CB495B = {
						CreatedOnToolsVersion = 8.3.2;
						ProvisioningStyle = Automatic;
					};
					C68E8AA01F6DA96500CB495B = {
						CreatedOnToolsVersion = 8.3.2;
						ProvisioningStyle = Automatic;
						TestTargetID = C68E8A8C1F6DA96500CB495B;
					};
					C68E8AAB1F6DA96500CB495B = {
						CreatedOnToolsVersion = 8.3.2;
						ProvisioningStyle = Automatic;
						TestTargetID = C68E8A8C1F6DA96500CB495B;
					};
				};
			};
			buildConfigurationList = C68E8A881F6DA96500CB495B /* Build configuration list for PBXProject "Expenser" */;
			compatibilityVersion = "Xcode 3.2";
			developmentRegion = English;
			hasScannedForEncodings = 0;
			knownRegions = (
				en,
				Base,
			);
			mainGroup = C68E8A841F6DA96500CB495B;
			productRefGroup = C68E8A8E1F6DA96500CB495B /* Products */;
			projectDirPath = "";
			projectRoot = "";
			targets = (
				C68E8A8C1F6DA96500CB495B /* Expenser */,
				C68E8AA01F6DA96500CB495B /* ExpenserTests */,
				C68E8AAB1F6DA96500CB495B /* ExpenserUITests */,
			);
		};
/* End PBXProject section */

/* Begin PBXResourcesBuildPhase section */
		C68E8A8B1F6DA96500CB495B /* Resources */ = {
			isa = PBXResourcesBuildPhase;
			buildActionMask = 2147483647;
			files = (
				C68E8A9B1F6DA96500CB495B /* LaunchScreen.storyboard in Resources */,
				C68E8A981F6DA96500CB495B /* Assets.xcassets in Resources */,
				C68E8A961F6DA96500CB495B /* Main.storyboard in Resources */,
			);
			runOnlyForDeploymentPostprocessing = 0;
		};
		C68E8A9F1F6DA96500CB495B /* Resources */ = {
			isa = PBXResourcesBuildPhase;
			buildActionMask = 2147483647;
			files = (
			);
			runOnlyForDeploymentPostprocessing = 0;
		};
		C68E8AAA1F6DA96500CB495B /* Resources */ = {
			isa = PBXResourcesBuildPhase;
			buildActionMask = 2147483647;
			files = (
			);
			runOnlyForDeploymentPostprocessing = 0;
		};
/* End PBXResourcesBuildPhase section */

/* Begin PBXSourcesBuildPhase section */
		C68E8A891F6DA96500CB495B /* Sources */ = {
			isa = PBXSourcesBuildPhase;
			buildActionMask = 2147483647;
			files = (
				C68E8A931F6DA96500CB495B /* ViewController.swift in Sources */,
				C68E8A911F6DA96500CB495B /* AppDelegate.swift in Sources */,
			);
			runOnlyForDeploymentPostprocessing = 0;
		};
		C68E8A9D1F6DA96500CB495B /* Sources */ = {
			isa = PBXSourcesBuildPhase;
			buildActionMask = 2147483647;
			files = (
				C68E8AA61F6DA96500CB495B /* ExpenserTests.swift in Sources */,
			);
			runOnlyForDeploymentPostprocessing = 0;
		};
		C68E8AA81F6DA96500CB495B /* Sources */ = {
			isa = PBXSourcesBuildPhase;
			buildActionMask = 2147483647;
			files = (
				C68E8AB11F6DA96500CB495B /* ExpenserUITests.swift in Sources */,
			);
			runOnlyForDeploymentPostprocessing = 0;
		};
/* End PBXSourcesBuildPhase section */

/* Begin PBXTargetDependency section */
		C68E8AA31F6DA96500CB495B /* PBXTargetDependency */ = {
			isa = PBXTargetDependency;
			target = C68E8A8C1F6DA96500CB495B /* Expenser */;
			targetProxy = C68E8AA21F6DA96500CB495B /* PBXContainerItemProxy */;
		};
		C68E8AAE1F6DA96500CB495B /* PBXTargetDependency */ = {
			isa = PBXTargetDependency;
			target = C68E8A8C1F6DA96500CB495B /* Expenser */;
			targetProxy = C68E8AAD1F6DA96500CB495B /* PBXContainerItemProxy */;
		};
/* End PBXTargetDependency section */

/* Begin PBXVariantGroup section */
		C68E8A941F6DA96500CB495B /* Main.storyboard */ = {
			isa = PBXVariantGroup;
			children = (
				C68E8A951F6DA96500CB495B /* Base */,
			);
			name = Main.storyboard;
			sourceTree = "<group>";
		};
		C68E8A991F6DA96500CB495B /* LaunchScreen.storyboard */ = {
			isa = PBXVariantGroup;
			children = (
				C68E8A9A1F6DA96500CB495B /* Base */,
			);
			name = LaunchScreen.storyboard;
			sourceTree = "<group>";
		};
/* End PBXVariantGroup section */

/* Begin XCBuildConfiguration section */
		C68E8AB31F6DA96500CB495B /* Debug */ = {
			isa = XCBuildConfiguration;
			buildSettings = {
				ALWAYS_SEARCH_USER_PATHS = NO;
				CLANG_ANALYZER_NONNULL = YES;
				CLANG_ANALYZER_NUMBER_OBJECT_CONVERSION = YES_AGGRESSIVE;
				CLANG_CXX_LANGUAGE_STANDARD = "gnu++0x";
				CLANG_CXX_LIBRARY = "libc++";
				CLANG_ENABLE_MODULES = YES;
				CLANG_ENABLE_OBJC_ARC = YES;
				CLANG_WARN_BOOL_CONVERSION = YES;
				CLANG_WARN_CONSTANT_CONVERSION = YES;
				CLANG_WARN_DIRECT_OBJC_ISA_USAGE = YES_ERROR;
				CLANG_WARN_DOCUMENTATION_COMMENTS = YES;
				CLANG_WARN_EMPTY_BODY = YES;
				CLANG_WARN_ENUM_CONVERSION = YES;
				CLANG_WARN_INFINITE_RECURSION = YES;
				CLANG_WARN_INT_CONVERSION = YES;
				CLANG_WARN_OBJC_ROOT_CLASS = YES_ERROR;
				CLANG_WARN_SUSPICIOUS_MOVE = YES;
				CLANG_WARN_UNREACHABLE_CODE = YES;
				CLANG_WARN__DUPLICATE_METHOD_MATCH = YES;
				"CODE_SIGN_IDENTITY[sdk=iphoneos*]" = "iPhone Developer";
				COPY_PHASE_STRIP = NO;
				DEBUG_INFORMATION_FORMAT = dwarf;
				ENABLE_STRICT_OBJC_MSGSEND = YES;
				ENABLE_TESTABILITY = YES;
				GCC_C_LANGUAGE_STANDARD = gnu99;
				GCC_DYNAMIC_NO_PIC = NO;
				GCC_NO_COMMON_BLOCKS = YES;
				GCC_OPTIMIZATION_LEVEL = 0;
				GCC_PREPROCESSOR_DEFINITIONS = (
					"DEBUG=1",
					"$(inherited)",
				);
				GCC_WARN_64_TO_32_BIT_CONVERSION = YES;
				GCC_WARN_ABOUT_RETURN_TYPE = YES_ERROR;
				GCC_WARN_UNDECLARED_SELECTOR = YES;
				GCC_WARN_UNINITIALIZED_AUTOS = YES_AGGRESSIVE;
				GCC_WARN_UNUSED_FUNCTION = YES;
				GCC_WARN_UNUSED_VARIABLE = YES;
				IPHONEOS_DEPLOYMENT_TARGET = 10.3;
				MTL_ENABLE_DEBUG_INFO = YES;
				ONLY_ACTIVE_ARCH = YES;
				SDKROOT = iphoneos;
				SWIFT_ACTIVE_COMPILATION_CONDITIONS = DEBUG;
				SWIFT_OPTIMIZATION_LEVEL = "-Onone";
				TARGETED_DEVICE_FAMILY = "1,2";
			};
			name = Debug;
		};
		C68E8AB41F6DA96500CB495B /* Release */ = {
			isa = XCBuildConfiguration;
			buildSettings = {
				ALWAYS_SEARCH_USER_PATHS = NO;
				CLANG_ANALYZER_NONNULL = YES;
				CLANG_ANALYZER_NUMBER_OBJECT_CONVERSION = YES_AGGRESSIVE;
				CLANG_CXX_LANGUAGE_STANDARD = "gnu++0x";
				CLANG_CXX_LIBRARY = "libc++";
				CLANG_ENABLE_MODULES = YES;
				CLANG_ENABLE_OBJC_ARC = YES;
				CLANG_WARN_BOOL_CONVERSION = YES;
				CLANG_WARN_CONSTANT_CONVERSION = YES;
				CLANG_WARN_DIRECT_OBJC_ISA_USAGE = YES_ERROR;
				CLANG_WARN_DOCUMENTATION_COMMENTS = YES;
				CLANG_WARN_EMPTY_BODY = YES;
				CLANG_WARN_ENUM_CONVERSION = YES;
				CLANG_WARN_INFINITE_RECURSION = YES;
				CLANG_WARN_INT_CONVERSION = YES;
				CLANG_WARN_OBJC_ROOT_CLASS = YES_ERROR;
				CLANG_WARN_SUSPICIOUS_MOVE = YES;
				CLANG_WARN_UNREACHABLE_CODE = YES;
				CLANG_WARN__DUPLICATE_METHOD_MATCH = YES;
				"CODE_SIGN_IDENTITY[sdk=iphoneos*]" = "iPhone Developer";
				COPY_PHASE_STRIP = NO;
				DEBUG_INFORMATION_FORMAT = "dwarf-with-dsym";
				ENABLE_NS_ASSERTIONS = NO;
				ENABLE_STRICT_OBJC_MSGSEND = YES;
				GCC_C_LANGUAGE_STANDARD = gnu99;
				GCC_NO_COMMON_BLOCKS = YES;
				GCC_WARN_64_TO_32_BIT_CONVERSION = YES;
				GCC_WARN_ABOUT_RETURN_TYPE = YES_ERROR;
				GCC_WARN_UNDECLARED_SELECTOR = YES;
				GCC_WARN_UNINITIALIZED_AUTOS = YES_AGGRESSIVE;
				GCC_WARN_UNUSED_FUNCTION = YES;
				GCC_WARN_UNUSED_VARIABLE = YES;
				IPHONEOS_DEPLOYMENT_TARGET = 10.3;
				MTL_ENABLE_DEBUG_INFO = NO;
				SDKROOT = iphoneos;
				SWIFT_OPTIMIZATION_LEVEL = "-Owholemodule";
				TARGETED_DEVICE_FAMILY = "1,2";
				VALIDATE_PRODUCT = YES;
			};
			name = Release;
		};
		C68E8AB61F6DA96500CB495B /* Debug */ = {
			isa = XCBuildConfiguration;
			buildSettings = {
				ASSETCATALOG_COMPILER_APPICON_NAME = AppIcon;
				INFOPLIST_FILE = Expenser/Info.plist;
				LD_RUNPATH_SEARCH_PATHS = "$(inherited) @executable_path/Frameworks";
				PRODUCT_BUNDLE_IDENTIFIER = RRM.Expenser;
				PRODUCT_NAME = "$(TARGET_NAME)";
				SWIFT_VERSION = 3.0;
			};
			name = Debug;
		};
		C68E8AB71F6DA96500CB495B /* Release */ = {
			isa = XCBuildConfiguration;
			buildSettings = {
				ASSETCATALOG_COMPILER_APPICON_NAME = AppIcon;
				INFOPLIST_FILE = Expenser/Info.plist;
				LD_RUNPATH_SEARCH_PATHS = "$(inherited) @executable_path/Frameworks";
				PRODUCT_BUNDLE_IDENTIFIER = RRM.Expenser;
				PRODUCT_NAME = "$(TARGET_NAME)";
				SWIFT_VERSION = 3.0;
			};
			name = Release;
		};
		C68E8AB91F6DA96500CB495B /* Debug */ = {
			isa = XCBuildConfiguration;
			buildSettings = {
				ALWAYS_EMBED_SWIFT_STANDARD_LIBRARIES = YES;
				BUNDLE_LOADER = "$(TEST_HOST)";
				INFOPLIST_FILE = ExpenserTests/Info.plist;
				LD_RUNPATH_SEARCH_PATHS = "$(inherited) @executable_path/Frameworks @loader_path/Frameworks";
				PRODUCT_BUNDLE_IDENTIFIER = RRM.ExpenserTests;
				PRODUCT_NAME = "$(TARGET_NAME)";
				SWIFT_VERSION = 3.0;
				TEST_HOST = "$(BUILT_PRODUCTS_DIR)/Expenser.app/Expenser";
			};
			name = Debug;
		};
		C68E8ABA1F6DA96500CB495B /* Release */ = {
			isa = XCBuildConfiguration;
			buildSettings = {
				ALWAYS_EMBED_SWIFT_STANDARD_LIBRARIES = YES;
				BUNDLE_LOADER = "$(TEST_HOST)";
				INFOPLIST_FILE = ExpenserTests/Info.plist;
				LD_RUNPATH_SEARCH_PATHS = "$(inherited) @executable_path/Frameworks @loader_path/Frameworks";
				PRODUCT_BUNDLE_IDENTIFIER = RRM.ExpenserTests;
				PRODUCT_NAME = "$(TARGET_NAME)";
				SWIFT_VERSION = 3.0;
				TEST_HOST = "$(BUILT_PRODUCTS_DIR)/Expenser.app/Expenser";
			};
			name = Release;
		};
		C68E8ABC1F6DA96500CB495B /* Debug */ = {
			isa = XCBuildConfiguration;
			buildSettings = {
				ALWAYS_EMBED_SWIFT_STANDARD_LIBRARIES = YES;
				INFOPLIST_FILE = ExpenserUITests/Info.plist;
				LD_RUNPATH_SEARCH_PATHS = "$(inherited) @executable_path/Frameworks @loader_path/Frameworks";
				PRODUCT_BUNDLE_IDENTIFIER = RRM.ExpenserUITests;
				PRODUCT_NAME = "$(TARGET_NAME)";
				SWIFT_VERSION = 3.0;
				TEST_TARGET_NAME = Expenser;
			};
			name = Debug;
		};
		C68E8ABD1F6DA96500CB495B /* Release */ = {
			isa = XCBuildConfiguration;
			buildSettings = {
				ALWAYS_EMBED_SWIFT_STANDARD_LIBRARIES = YES;
				INFOPLIST_FILE = ExpenserUITests/Info.plist;
				LD_RUNPATH_SEARCH_PATHS = "$(inherited) @executable_path/Frameworks @loader_path/Frameworks";
				PRODUCT_BUNDLE_IDENTIFIER = RRM.ExpenserUITests;
				PRODUCT_NAME = "$(TARGET_NAME)";
				SWIFT_VERSION = 3.0;
				TEST_TARGET_NAME = Expenser;
			};
			name = Release;
		};
/* End XCBuildConfiguration section */

/* Begin XCConfigurationList section */
		C68E8A881F6DA96500CB495B /* Build configuration list for PBXProject "Expenser" */ = {
			isa = XCConfigurationList;
			buildConfigurations = (
				C68E8AB31F6DA96500CB495B /* Debug */,
				C68E8AB41F6DA96500CB495B /* Release */,
			);
			defaultConfigurationIsVisible = 0;
			defaultConfigurationName = Release;
		};
		C68E8AB51F6DA96500CB495B /* Build configuration list for PBXNativeTarget "Expenser" */ = {
			isa = XCConfigurationList;
			buildConfigurations = (
				C68E8AB61F6DA96500CB495B /* Debug */,
				C68E8AB71F6DA96500CB495B /* Release */,
			);
			defaultConfigurationIsVisible = 0;
		};
		C68E8AB81F6DA96500CB495B /* Build configuration list for PBXNativeTarget "ExpenserTests" */ = {
			isa = XCConfigurationList;
			buildConfigurations = (
				C68E8AB91F6DA96500CB495B /* Debug */,
				C68E8ABA1F6DA96500CB495B /* Release */,
			);
			defaultConfigurationIsVisible = 0;
		};
		C68E8ABB1F6DA96500CB495B /* Build configuration list for PBXNativeTarget "ExpenserUITests" */ = {
			isa = XCConfigurationList;
			buildConfigurations = (
				C68E8ABC1F6DA96500CB495B /* Debug */,
				C68E8ABD1F6DA96500CB495B /* Release */,
			);
			defaultConfigurationIsVisible = 0;
		};
/* End XCConfigurationList section */
	};
	rootObject = C68E8A851F6DA96500CB495B /* Project object */;
}
